// !$*UTF8*$!
{
	archiveVersion = 1;
	classes = {
	};
	objectVersion = 51;
	objects = {

/* Begin PBXBuildFile section */
		598B1B1583731ED0CF307659 /* Pods_WSWeather.framework in Frameworks */ = {isa = PBXBuildFile; fileRef = 6C6F9F7E8109A6481DD15E24 /* Pods_WSWeather.framework */; };
		DA1C855E23D9C76A00EFDCCA /* AppDelegate.swift in Sources */ = {isa = PBXBuildFile; fileRef = DA1C855D23D9C76A00EFDCCA /* AppDelegate.swift */; };
		DA1C856023D9C76A00EFDCCA /* SceneDelegate.swift in Sources */ = {isa = PBXBuildFile; fileRef = DA1C855F23D9C76A00EFDCCA /* SceneDelegate.swift */; };
		DA1C856223D9C76A00EFDCCA /* ViewController.swift in Sources */ = {isa = PBXBuildFile; fileRef = DA1C856123D9C76A00EFDCCA /* ViewController.swift */; };
		DA1C856523D9C76A00EFDCCA /* Main.storyboard in Resources */ = {isa = PBXBuildFile; fileRef = DA1C856323D9C76A00EFDCCA /* Main.storyboard */; };
		DA1C856723D9C76D00EFDCCA /* Assets.xcassets in Resources */ = {isa = PBXBuildFile; fileRef = DA1C856623D9C76D00EFDCCA /* Assets.xcassets */; };
		DAA3DE4323DA1AD500CBC270 /* Model.swift in Sources */ = {isa = PBXBuildFile; fileRef = DAA3DE4223DA1AD500CBC270 /* Model.swift */; };
		DAF36A9723E5276F00257227 /* Constants.swift in Sources */ = {isa = PBXBuildFile; fileRef = DAF36A9623E5276F00257227 /* Constants.swift */; };
/* End PBXBuildFile section */

/* Begin PBXFileReference section */
		0A0C9D31CA00C0C80383F8F1 /* Pods-WSWeather.debug.xcconfig */ = {isa = PBXFileReference; includeInIndex = 1; lastKnownFileType = text.xcconfig; name = "Pods-WSWeather.debug.xcconfig"; path = "Target Support Files/Pods-WSWeather/Pods-WSWeather.debug.xcconfig"; sourceTree = "<group>"; };
		3B5ED86E07E64411C93AFA61 /* Pods-WSWeather.release.xcconfig */ = {isa = PBXFileReference; includeInIndex = 1; lastKnownFileType = text.xcconfig; name = "Pods-WSWeather.release.xcconfig"; path = "Target Support Files/Pods-WSWeather/Pods-WSWeather.release.xcconfig"; sourceTree = "<group>"; };
		6C6F9F7E8109A6481DD15E24 /* Pods_WSWeather.framework */ = {isa = PBXFileReference; explicitFileType = wrapper.framework; includeInIndex = 0; path = Pods_WSWeather.framework; sourceTree = BUILT_PRODUCTS_DIR; };
		DA1C855A23D9C76A00EFDCCA /* WSWeather.app */ = {isa = PBXFileReference; explicitFileType = wrapper.application; includeInIndex = 0; path = WSWeather.app; sourceTree = BUILT_PRODUCTS_DIR; };
		DA1C855D23D9C76A00EFDCCA /* AppDelegate.swift */ = {isa = PBXFileReference; lastKnownFileType = sourcecode.swift; path = AppDelegate.swift; sourceTree = "<group>"; };
		DA1C855F23D9C76A00EFDCCA /* SceneDelegate.swift */ = {isa = PBXFileReference; lastKnownFileType = sourcecode.swift; path = SceneDelegate.swift; sourceTree = "<group>"; };
		DA1C856123D9C76A00EFDCCA /* ViewController.swift */ = {isa = PBXFileReference; lastKnownFileType = sourcecode.swift; path = ViewController.swift; sourceTree = "<group>"; };
		DA1C856423D9C76A00EFDCCA /* Base */ = {isa = PBXFileReference; lastKnownFileType = file.storyboard; name = Base; path = Base.lproj/Main.storyboard; sourceTree = "<group>"; };
		DA1C856623D9C76D00EFDCCA /* Assets.xcassets */ = {isa = PBXFileReference; lastKnownFileType = folder.assetcatalog; path = Assets.xcassets; sourceTree = "<group>"; };
		DA1C856B23D9C76D00EFDCCA /* Info.plist */ = {isa = PBXFileReference; lastKnownFileType = text.plist.xml; path = Info.plist; sourceTree = "<group>"; };
		DAA3DE4223DA1AD500CBC270 /* Model.swift */ = {isa = PBXFileReference; lastKnownFileType = sourcecode.swift; path = Model.swift; sourceTree = "<group>"; };
		DAF36A9623E5276F00257227 /* Constants.swift */ = {isa = PBXFileReference; lastKnownFileType = sourcecode.swift; path = Constants.swift; sourceTree = "<group>"; };
/* End PBXFileReference section */

/* Begin PBXFrameworksBuildPhase section */
		DA1C855723D9C76A00EFDCCA /* Frameworks */ = {
			isa = PBXFrameworksBuildPhase;
			buildActionMask = 2147483647;
			files = (
				598B1B1583731ED0CF307659 /* Pods_WSWeather.framework in Frameworks */,
			);
			runOnlyForDeploymentPostprocessing = 0;
		};
/* End PBXFrameworksBuildPhase section */

/* Begin PBXGroup section */
		2C623284388307285237FE94 /* Pods */ = {
			isa = PBXGroup;
			children = (
				0A0C9D31CA00C0C80383F8F1 /* Pods-WSWeather.debug.xcconfig */,
				3B5ED86E07E64411C93AFA61 /* Pods-WSWeather.release.xcconfig */,
			);
			path = Pods;
			sourceTree = "<group>";
		};
		3F5512F35430EB3B0D94AC0C /* Frameworks */ = {
			isa = PBXGroup;
			children = (
				6C6F9F7E8109A6481DD15E24 /* Pods_WSWeather.framework */,
			);
			name = Frameworks;
			sourceTree = "<group>";
		};
		DA1C855123D9C76A00EFDCCA = {
			isa = PBXGroup;
			children = (
				DA1C855C23D9C76A00EFDCCA /* WSWeather */,
				DA1C855B23D9C76A00EFDCCA /* Products */,
				2C623284388307285237FE94 /* Pods */,
				3F5512F35430EB3B0D94AC0C /* Frameworks */,
			);
			sourceTree = "<group>";
		};
		DA1C855B23D9C76A00EFDCCA /* Products */ = {
			isa = PBXGroup;
			children = (
				DA1C855A23D9C76A00EFDCCA /* WSWeather.app */,
			);
			name = Products;
			sourceTree = "<group>";
		};
		DA1C855C23D9C76A00EFDCCA /* WSWeather */ = {
			isa = PBXGroup;
			children = (
				DAF36A9523E4B06100257227 /* Model */,
				DAF36A9423E4B04200257227 /* View */,
				DAF36A9323E4B02400257227 /* Controller */,
				DA1C856623D9C76D00EFDCCA /* Assets.xcassets */,
				DA1C856B23D9C76D00EFDCCA /* Info.plist */,
			);
			path = WSWeather;
			sourceTree = "<group>";
		};
		DAF36A9323E4B02400257227 /* Controller */ = {
			isa = PBXGroup;
			children = (
				DAF36A9623E5276F00257227 /* Constants.swift */,
				DA1C855D23D9C76A00EFDCCA /* AppDelegate.swift */,
				DA1C855F23D9C76A00EFDCCA /* SceneDelegate.swift */,
				DA1C856123D9C76A00EFDCCA /* ViewController.swift */,
			);
			path = Controller;
			sourceTree = "<group>";
		};
		DAF36A9423E4B04200257227 /* View */ = {
			isa = PBXGroup;
			children = (
				DA1C856323D9C76A00EFDCCA /* Main.storyboard */,
			);
			path = View;
			sourceTree = "<group>";
		};
		DAF36A9523E4B06100257227 /* Model */ = {
			isa = PBXGroup;
			children = (
				DAA3DE4223DA1AD500CBC270 /* Model.swift */,
			);
			path = Model;
			sourceTree = "<group>";
		};
/* End PBXGroup section */

/* Begin PBXNativeTarget section */
		DA1C855923D9C76A00EFDCCA /* WSWeather */ = {
			isa = PBXNativeTarget;
			buildConfigurationList = DA1C856E23D9C76D00EFDCCA /* Build configuration list for PBXNativeTarget "WSWeather" */;
			buildPhases = (
				F59A0574A45301E5F1C77A48 /* [CP] Check Pods Manifest.lock */,
				DA1C855623D9C76A00EFDCCA /* Sources */,
				DA1C855723D9C76A00EFDCCA /* Frameworks */,
				DA1C855823D9C76A00EFDCCA /* Resources */,
				122FFDD8E78A25FF47132F7A /* [CP] Embed Pods Frameworks */,
			);
			buildRules = (
			);
			dependencies = (
			);
			name = WSWeather;
			productName = WSWeather;
			productReference = DA1C855A23D9C76A00EFDCCA /* WSWeather.app */;
			productType = "com.apple.product-type.application";
		};
/* End PBXNativeTarget section */

/* Begin PBXProject section */
		DA1C855223D9C76A00EFDCCA /* Project object */ = {
			isa = PBXProject;
			attributes = {
				LastSwiftUpdateCheck = 1130;
				LastUpgradeCheck = 1130;
				ORGANIZATIONNAME = Evgeniy;
				TargetAttributes = {
					DA1C855923D9C76A00EFDCCA = {
						CreatedOnToolsVersion = 11.3;
					};
				};
			};
			buildConfigurationList = DA1C855523D9C76A00EFDCCA /* Build configuration list for PBXProject "WSWeather" */;
			compatibilityVersion = "Xcode 9.3";
			developmentRegion = en;
			hasScannedForEncodings = 0;
			knownRegions = (
				en,
				Base,
			);
			mainGroup = DA1C855123D9C76A00EFDCCA;
			productRefGroup = DA1C855B23D9C76A00EFDCCA /* Products */;
			projectDirPath = "";
			projectRoot = "";
			targets = (
				DA1C855923D9C76A00EFDCCA /* WSWeather */,
			);
		};
/* End PBXProject section */

/* Begin PBXResourcesBuildPhase section */
		DA1C855823D9C76A00EFDCCA /* Resources */ = {
			isa = PBXResourcesBuildPhase;
			buildActionMask = 2147483647;
			files = (
				DA1C856723D9C76D00EFDCCA /* Assets.xcassets in Resources */,
				DA1C856523D9C76A00EFDCCA /* Main.storyboard in Resources */,
			);
			runOnlyForDeploymentPostprocessing = 0;
		};
/* End PBXResourcesBuildPhase section */

/* Begin PBXShellScriptBuildPhase section */
		122FFDD8E78A25FF47132F7A /* [CP] Embed Pods Frameworks */ = {
			isa = PBXShellScriptBuildPhase;
			buildActionMask = 2147483647;
			files = (
			);
			inputFileListPaths = (
				"${PODS_ROOT}/Target Support Files/Pods-WSWeather/Pods-WSWeather-frameworks-${CONFIGURATION}-input-files.xcfilelist",
			);
			name = "[CP] Embed Pods Frameworks";
			outputFileListPaths = (
				"${PODS_ROOT}/Target Support Files/Pods-WSWeather/Pods-WSWeather-frameworks-${CONFIGURATION}-output-files.xcfilelist",
			);
			runOnlyForDeploymentPostprocessing = 0;
			shellPath = /bin/sh;
			shellScript = "\"${PODS_ROOT}/Target Support Files/Pods-WSWeather/Pods-WSWeather-frameworks.sh\"\n";
			showEnvVarsInLog = 0;
		};
		F59A0574A45301E5F1C77A48 /* [CP] Check Pods Manifest.lock */ = {
			isa = PBXShellScriptBuildPhase;
			buildActionMask = 2147483647;
			files = (
			);
			inputFileListPaths = (
			);
			inputPaths = (
				"${PODS_PODFILE_DIR_PATH}/Podfile.lock",
				"${PODS_ROOT}/Manifest.lock",
			);
			name = "[CP] Check Pods Manifest.lock";
			outputFileListPaths = (
			);
			outputPaths = (
				"$(DERIVED_FILE_DIR)/Pods-WSWeather-checkManifestLockResult.txt",
			);
			runOnlyForDeploymentPostprocessing = 0;
			shellPath = /bin/sh;
			shellScript = "diff \"${PODS_PODFILE_DIR_PATH}/Podfile.lock\" \"${PODS_ROOT}/Manifest.lock\" > /dev/null\nif [ $? != 0 ] ; then\n    # print error to STDERR\n    echo \"error: The sandbox is not in sync with the Podfile.lock. Run 'pod install' or update your CocoaPods installation.\" >&2\n    exit 1\nfi\n# This output is used by Xcode 'outputs' to avoid re-running this script phase.\necho \"SUCCESS\" > \"${SCRIPT_OUTPUT_FILE_0}\"\n";
			showEnvVarsInLog = 0;
		};
/* End PBXShellScriptBuildPhase section */

/* Begin PBXSourcesBuildPhase section */
		DA1C855623D9C76A00EFDCCA /* Sources */ = {
			isa = PBXSourcesBuildPhase;
			buildActionMask = 2147483647;
			files = (
				DAF36A9723E5276F00257227 /* Constants.swift in Sources */,
				DA1C856223D9C76A00EFDCCA /* ViewController.swift in Sources */,
				DA1C855E23D9C76A00EFDCCA /* AppDelegate.swift in Sources */,
				DA1C856023D9C76A00EFDCCA /* SceneDelegate.swift in Sources */,
				DAA3DE4323DA1AD500CBC270 /* Model.swift in Sources */,
			);
			runOnlyForDeploymentPostprocessing = 0;
		};
/* End PBXSourcesBuildPhase section */

/* Begin PBXVariantGroup section */
		DA1C856323D9C76A00EFDCCA /* Main.storyboard */ = {
			isa = PBXVariantGroup;
			children = (
				DA1C856423D9C76A00EFDCCA /* Base */,
			);
			name = Main.storyboard;
			sourceTree = "<group>";
		};
/* End PBXVariantGroup section */

/* Begin XCBuildConfiguration section */
		DA1C856C23D9C76D00EFDCCA /* Debug */ = {
			isa = XCBuildConfiguration;
			buildSettings = {
				ALWAYS_SEARCH_USER_PATHS = NO;
				CLANG_ANALYZER_NONNULL = YES;
				CLANG_ANALYZER_NUMBER_OBJECT_CONVERSION = YES_AGGRESSIVE;
				CLANG_CXX_LANGUAGE_STANDARD = "gnu++14";
				CLANG_CXX_LIBRARY = "libc++";
				CLANG_ENABLE_MODULES = YES;
				CLANG_ENABLE_OBJC_ARC = YES;
				CLANG_ENABLE_OBJC_WEAK = YES;
				CLANG_WARN_BLOCK_CAPTURE_AUTORELEASING = YES;
				CLANG_WARN_BOOL_CONVERSION = YES;
				CLANG_WARN_COMMA = YES;
				CLANG_WARN_CONSTANT_CONVERSION = YES;
				CLANG_WARN_DEPRECATED_OBJC_IMPLEMENTATIONS = YES;
				CLANG_WARN_DIRECT_OBJC_ISA_USAGE = YES_ERROR;
				CLANG_WARN_DOCUMENTATION_COMMENTS = YES;
				CLANG_WARN_EMPTY_BODY = YES;
				CLANG_WARN_ENUM_CONVERSION = YES;
				CLANG_WARN_INFINITE_RECURSION = YES;
				CLANG_WARN_INT_CONVERSION = YES;
				CLANG_WARN_NON_LITERAL_NULL_CONVERSION = YES;
				CLANG_WARN_OBJC_IMPLICIT_RETAIN_SELF = YES;
				CLANG_WARN_OBJC_LITERAL_CONVERSION = YES;
				CLANG_WARN_OBJC_ROOT_CLASS = YES_ERROR;
				CLANG_WARN_RANGE_LOOP_ANALYSIS = YES;
				CLANG_WARN_STRICT_PROTOTYPES = YES;
				CLANG_WARN_SUSPICIOUS_MOVE = YES;
				CLANG_WARN_UNGUARDED_AVAILABILITY = YES_AGGRESSIVE;
				CLANG_WARN_UNREACHABLE_CODE = YES;
				CLANG_WARN__DUPLICATE_METHOD_MATCH = YES;
				COPY_PHASE_STRIP = NO;
				DEBUG_INFORMATION_FORMAT = dwarf;
				ENABLE_STRICT_OBJC_MSGSEND = YES;
				ENABLE_TESTABILITY = YES;
				GCC_C_LANGUAGE_STANDARD = gnu11;
				GCC_DYNAMIC_NO_PIC = NO;
				GCC_NO_COMMON_BLOCKS = YES;
				GCC_OPTIMIZATION_LEVEL = 0;
				GCC_PREPROCESSOR_DEFINITIONS = (
					"DEBUG=1",
					"$(inherited)",
				);
				GCC_WARN_64_TO_32_BIT_CONVERSION = YES;
				GCC_WARN_ABOUT_RETURN_TYPE = YES_ERROR;
				GCC_WARN_UNDECLARED_SELECTOR = YES;
				GCC_WARN_UNINITIALIZED_AUTOS = YES_AGGRESSIVE;
				GCC_WARN_UNUSED_FUNCTION = YES;
				GCC_WARN_UNUSED_VARIABLE = YES;
				IPHONEOS_DEPLOYMENT_TARGET = 13.2;
				MTL_ENABLE_DEBUG_INFO = INCLUDE_SOURCE;
				MTL_FAST_MATH = YES;
				ONLY_ACTIVE_ARCH = YES;
				SDKROOT = iphoneos;
				SWIFT_ACTIVE_COMPILATION_CONDITIONS = DEBUG;
				SWIFT_OPTIMIZATION_LEVEL = "-Onone";
			};
			name = Debug;
		};
		DA1C856D23D9C76D00EFDCCA /* Release */ = {
			isa = XCBuildConfiguration;
			buildSettings = {
				ALWAYS_SEARCH_USER_PATHS = NO;
				CLANG_ANALYZER_NONNULL = YES;
				CLANG_ANALYZER_NUMBER_OBJECT_CONVERSION = YES_AGGRESSIVE;
				CLANG_CXX_LANGUAGE_STANDARD = "gnu++14";
				CLANG_CXX_LIBRARY = "libc++";
				CLANG_ENABLE_MODULES = YES;
				CLANG_ENABLE_OBJC_ARC = YES;
				CLANG_ENABLE_OBJC_WEAK = YES;
				CLANG_WARN_BLOCK_CAPTURE_AUTORELEASING = YES;
				CLANG_WARN_BOOL_CONVERSION = YES;
				CLANG_WARN_COMMA = YES;
				CLANG_WARN_CONSTANT_CONVERSION = YES;
				CLANG_WARN_DEPRECATED_OBJC_IMPLEMENTATIONS = YES;
				CLANG_WARN_DIRECT_OBJC_ISA_USAGE = YES_ERROR;
				CLANG_WARN_DOCUMENTATION_COMMENTS = YES;
				CLANG_WARN_EMPTY_BODY = YES;
				CLANG_WARN_ENUM_CONVERSION = YES;
				CLANG_WARN_INFINITE_RECURSION = YES;
				CLANG_WARN_INT_CONVERSION = YES;
				CLANG_WARN_NON_LITERAL_NULL_CONVERSION = YES;
				CLANG_WARN_OBJC_IMPLICIT_RETAIN_SELF = YES;
				CLANG_WARN_OBJC_LITERAL_CONVERSION = YES;
				CLANG_WARN_OBJC_ROOT_CLASS = YES_ERROR;
				CLANG_WARN_RANGE_LOOP_ANALYSIS = YES;
				CLANG_WARN_STRICT_PROTOTYPES = YES;
				CLANG_WARN_SUSPICIOUS_MOVE = YES;
				CLANG_WARN_UNGUARDED_AVAILABILITY = YES_AGGRESSIVE;
				CLANG_WARN_UNREACHABLE_CODE = YES;
				CLANG_WARN__DUPLICATE_METHOD_MATCH = YES;
				COPY_PHASE_STRIP = NO;
				DEBUG_INFORMATION_FORMAT = "dwarf-with-dsym";
				ENABLE_NS_ASSERTIONS = NO;
				ENABLE_STRICT_OBJC_MSGSEND = YES;
				GCC_C_LANGUAGE_STANDARD = gnu11;
				GCC_NO_COMMON_BLOCKS = YES;
				GCC_WARN_64_TO_32_BIT_CONVERSION = YES;
				GCC_WARN_ABOUT_RETURN_TYPE = YES_ERROR;
				GCC_WARN_UNDECLARED_SELECTOR = YES;
				GCC_WARN_UNINITIALIZED_AUTOS = YES_AGGRESSIVE;
				GCC_WARN_UNUSED_FUNCTION = YES;
				GCC_WARN_UNUSED_VARIABLE = YES;
				IPHONEOS_DEPLOYMENT_TARGET = 13.2;
				MTL_ENABLE_DEBUG_INFO = NO;
				MTL_FAST_MATH = YES;
				SDKROOT = iphoneos;
				SWIFT_COMPILATION_MODE = wholemodule;
				SWIFT_OPTIMIZATION_LEVEL = "-O";
				VALIDATE_PRODUCT = YES;
			};
			name = Release;
		};
		DA1C856F23D9C76D00EFDCCA /* Debug */ = {
			isa = XCBuildConfiguration;
			baseConfigurationReference = 0A0C9D31CA00C0C80383F8F1 /* Pods-WSWeather.debug.xcconfig */;
			buildSettings = {
				ASSETCATALOG_COMPILER_APPICON_NAME = AppIcon;
				CODE_SIGN_STYLE = Automatic;
				DEVELOPMENT_TEAM = QF45TRFY3M;
				INFOPLIST_FILE = WSWeather/Info.plist;
				LD_RUNPATH_SEARCH_PATHS = (
					"$(inherited)",
					"@executable_path/Frameworks",
				);
				PRODUCT_BUNDLE_IDENTIFIER = Urban.WSWeather;
				PRODUCT_NAME = "$(TARGET_NAME)";
				SWIFT_VERSION = 5.0;
				TARGETED_DEVICE_FAMILY = "1,2";
			};
			name = Debug;
		};
		DA1C857023D9C76D00EFDCCA /* Release */ = {
			isa = XCBuildConfiguration;
			baseConfigurationReference = 3B5ED86E07E64411C93AFA61 /* Pods-WSWeather.release.xcconfig */;
			buildSettings = {
				ASSETCATALOG_COMPILER_APPICON_NAME = AppIcon;
				CODE_SIGN_STYLE = Automatic;
				DEVELOPMENT_TEAM = QF45TRFY3M;
				INFOPLIST_FILE = WSWeather/Info.plist;
				LD_RUNPATH_SEARCH_PATHS = (
					"$(inherited)",
					"@executable_path/Frameworks",
				);
				PRODUCT_BUNDLE_IDENTIFIER = Urban.WSWeather;
				PRODUCT_NAME = "$(TARGET_NAME)";
				SWIFT_VERSION = 5.0;
				TARGETED_DEVICE_FAMILY = "1,2";
			};
			name = Release;
		};
/* End XCBuildConfiguration section */

/* Begin XCConfigurationList section */
		DA1C855523D9C76A00EFDCCA /* Build configuration list for PBXProject "WSWeather" */ = {
			isa = XCConfigurationList;
			buildConfigurations = (
				DA1C856C23D9C76D00EFDCCA /* Debug */,
				DA1C856D23D9C76D00EFDCCA /* Release */,
			);
			defaultConfigurationIsVisible = 0;
			defaultConfigurationName = Release;
		};
		DA1C856E23D9C76D00EFDCCA /* Build configuration list for PBXNativeTarget "WSWeather" */ = {
			isa = XCConfigurationList;
			buildConfigurations = (
				DA1C856F23D9C76D00EFDCCA /* Debug */,
				DA1C857023D9C76D00EFDCCA /* Release */,
			);
			defaultConfigurationIsVisible = 0;
			defaultConfigurationName = Release;
		};
/* End XCConfigurationList section */
	};
	rootObject = DA1C855223D9C76A00EFDCCA /* Project object */;
}
